
Microsoft Visual Studio Solution File, Format Version 12.00
# Visual Studio 15
Project("{FAE04EC0-301F-11D3-BF4B-00C04F79EFBC}") = "Assembly-CSharp", "Assembly-CSharp.csproj", "{78C8751C-154A-128E-3610-E5842AB3603F}"
EndProject
Global
	GlobalSection(SolutionConfigurationPlatforms) = preSolution
		Debug|Any CPU = Debug|Any CPU
		Release|Any CPU = Release|Any CPU
	EndGlobalSection
	GlobalSection(ProjectConfigurationPlatforms) = postSolution
		{78C8751C-154A-128E-3610-E5842AB3603F}.Debug|Any CPU.ActiveCfg = Debug|Any CPU
		{78C8751C-154A-128E-3610-E5842AB3603F}.Debug|Any CPU.Build.0 = Debug|Any CPU
		{78C8751C-154A-128E-3610-E5842AB3603F}.Release|Any CPU.ActiveCfg = Release|Any CPU
		{78C8751C-154A-128E-3610-E5842AB3603F}.Release|Any CPU.Build.0 = Release|Any CPU
	EndGlobalSection
	GlobalSection(SolutionProperties) = preSolution
		HideSolutionNode = FALSE
	EndGlobalSection
EndGlobal
